# This file is automatically @generated by Cargo.
# It is not intended for manual editing.
version = 4

[[package]]
name = "l001-01-multiply-matching-coords-then-add-results"
version = "0.1.0"

[[package]]
name = "l002-01-calc-sum-of-absolute-vec-coords"
version = "0.1.0"

[[package]]
name = "l003-01-calc-vec-len-as-square-root-of-sum-of-squared-coords"
version = "0.1.0"
dependencies = [
 "l001-01-multiply-matching-coords-then-add-results",
 "lesson-float-comparison",
]

[[package]]
name = "l004-01-calc-squared-point-dist-by-summing-squared-coord-diffs"
version = "0.1.0"
dependencies = [
 "lesson-float-comparison",
]

[[package]]
name = "l005-01-calc-point-dist-as-square-root-of-sum-of-squared-coord-diffs"
version = "0.1.0"
dependencies = [
 "l004-01-calc-squared-point-dist-by-summing-squared-coord-diffs",
 "lesson-float-comparison",
]

[[package]]
name = "l006-01-multiply-matching-coords-then-add-results-and-normalize-by-both-vec-lens"
version = "0.1.0"
dependencies = [
 "l001-01-multiply-matching-coords-then-add-results",
 "l003-01-calc-vec-len-as-square-root-of-sum-of-squared-coords",
 "lesson-float-comparison",
]

[[package]]
name = "l007-01-practice-multiplying-coords-vec-lens-and-point-dists"
version = "0.1.0"
dependencies = [
 "l001-01-multiply-matching-coords-then-add-results",
 "l002-01-calc-sum-of-absolute-vec-coords",
 "l003-01-calc-vec-len-as-square-root-of-sum-of-squared-coords",
 "l005-01-calc-point-dist-as-square-root-of-sum-of-squared-coord-diffs",
 "l006-01-multiply-matching-coords-then-add-results-and-normalize-by-both-vec-lens",
 "lesson-float-comparison",
]

[[package]]
name = "l008-02-validate-matrix-element-count-and-row-column-indices"
version = "0.1.0"

[[package]]
name = "l009-02-transpose-matrix-by-turning-rows-into-columns"
version = "0.1.0"

[[package]]
name = "l010-02-multiply-matrix-and-vec-by-adding-multiplied-row-coords"
version = "0.1.0"
dependencies = [
 "l001-01-multiply-matching-coords-then-add-results",
]

[[package]]
name = "l011-02-multiply-matrices-by-adding-multiplied-row-and-column-values"
version = "0.1.0"
dependencies = [
 "l001-01-multiply-matching-coords-then-add-results",
]

[[package]]
name = "l012-02-solve-system-of-two-linear-equations"
version = "0.1.0"

[[package]]
name = "l013-02-practice-matrix-shapes-row-column-swaps-and-equation-solving"
version = "0.1.0"
dependencies = [
 "l001-01-multiply-matching-coords-then-add-results",
]

[[package]]
name = "l014-03-calc-derivative-as-function-output-change-per-input-change"
version = "0.1.0"
dependencies = [
 "lesson-float-comparison",
]

[[package]]
name = "l015-03-calc-partial-derivative-by-varying-one-of-two-inputs"
version = "0.1.0"
dependencies = [
 "lesson-float-comparison",
]

[[package]]
name = "l016-03-calc-composed-function-derivative-by-multiplying-rates-of-change"
version = "0.1.0"
dependencies = [
 "lesson-float-comparison",
]

[[package]]
name = "l017-03-calc-gradient-by-collecting-rates-of-change-for-both-inputs"
version = "0.1.0"

[[package]]
name = "l018-03-estimate-derivative-from-two-nearby-function-values"
version = "0.1.0"
dependencies = [
 "lesson-float-comparison",
]

[[package]]
name = "l019-03-practice-rates-of-change-and-checks-with-nearby-values"
version = "0.1.0"
dependencies = [
 "lesson-float-comparison",
]

[[package]]
name = "l020-04-reduce-error-by-subtracting-step-size-times-error-slope-from-parameter"
version = "0.1.0"
dependencies = [
 "lesson-float-comparison",
]

[[package]]
name = "l021-04-repeat-parameter-updates-and-check-error-decrease"
version = "0.1.0"
dependencies = [
 "lesson-float-comparison",
]

[[package]]
name = "l022-04-compare-function-valleys-reached-from-different-starts"
version = "0.1.0"

[[package]]
name = "l023-04-compare-updates-from-all-examples-and-one-example"
version = "0.1.0"

[[package]]
name = "l024-04-practice-update-step-sizes-and-error-decrease"
version = "0.1.0"
dependencies = [
 "lesson-float-comparison",
]

[[package]]
name = "l025-05-calc-conditional-probability-by-dividing-joint-by-known-event-probability"
version = "0.1.0"
dependencies = [
 "lesson-float-comparison",
]

[[package]]
name = "l026-05-check-event-independence-by-comparing-joint-probability-with-multiplied-probabilities"
version = "0.1.0"
dependencies = [
 "lesson-float-comparison",
]

[[package]]
name = "l027-05-update-event-probability-using-observation-rates"
version = "0.1.0"

[[package]]
name = "l028-05-calc-expected-value-by-summing-outcomes-times-probabilities"
version = "0.1.0"

[[package]]
name = "l029-05-practice-event-probability-updates-and-weighted-outcome-sums"
version = "0.1.0"
dependencies = [
 "lesson-float-comparison",
]

[[package]]
name = "l030-06-calc-mean-by-summing-values-and-dividing-by-count"
version = "0.1.0"

[[package]]
name = "l031-06-calc-median-by-sorting-values-and-finding-middle"
version = "0.1.0"

[[package]]
name = "l032-06-calc-sample-variance-from-squared-diffs-from-mean-divided-by-count-minus-one"
version = "0.1.0"
dependencies = [
 "l030-06-calc-mean-by-summing-values-and-dividing-by-count",
]

[[package]]
name = "l033-06-calc-quantile-by-selecting-sorted-value-at-given-sample-fraction"
version = "0.1.0"

[[package]]
name = "l034-06-estimate-confidence-interval-as-uncertainty-bounds-around-sample-mean"
version = "0.1.0"
dependencies = [
 "l030-06-calc-mean-by-summing-values-and-dividing-by-count",
 "l032-06-calc-sample-variance-from-squared-diffs-from-mean-divided-by-count-minus-one",
]

[[package]]
name = "l035-06-estimate-statistic-variability-by-resampling-observations-with-replacement"
version = "0.1.0"

[[package]]
name = "l036-06-practice-mean-middle-and-squared-diffs-from-mean-from-csv"
version = "0.1.0"
dependencies = [
 "l030-06-calc-mean-by-summing-values-and-dividing-by-count",
 "l032-06-calc-sample-variance-from-squared-diffs-from-mean-divided-by-count-minus-one",
]

[[package]]
name = "l037-07-validate-csv-header-against-data-schema"
version = "0.1.0"

[[package]]
name = "l038-07-parse-number-and-category-from-csv-row"
version = "0.1.0"

[[package]]
name = "l039-07-split-data-for-training-model-selection-and-final-check"
version = "0.1.0"

[[package]]
name = "l040-07-choose-missing-value-replacement-by-sorting-training-values-and-taking-upper-middle"
version = "0.1.0"

[[package]]
name = "l041-07-encode-categories-by-assigning-numeric-identifiers-to-training-categories"
version = "0.1.0"

[[package]]
name = "l042-07-show-how-test-data-can-contaminate-training-statistics"
version = "0.1.0"

[[package]]
name = "l043-07-practice-data-validation-splitting-and-training-only-preparation"
version = "0.1.0"

[[package]]
name = "l044-08-repeat-random-sequence-from-same-starting-number"
version = "0.1.0"

[[package]]
name = "l045-08-build-baseline-classifier-by-predicting-most-common-training-class"
version = "0.1.0"

[[package]]
name = "l046-08-read-experiment-settings-from-command-line"
version = "0.1.0"

[[package]]
name = "l047-08-record-error-after-each-training-pass"
version = "0.1.0"

[[package]]
name = "l048-08-calc-content-fingerprint-to-detect-dataset-changes"
version = "0.1.0"

[[package]]
name = "l049-08-practice-repeatable-training-with-simple-comparison-and-data-version"
version = "0.1.0"

[[package]]
name = "l050-09-calc-mean-squared-error-by-summing-squared-errors-and-dividing-by-count"
version = "0.1.0"
dependencies = [
 "lesson-float-comparison",
]

[[package]]
name = "l051-09-calc-mean-absolute-error-by-summing-absolute-errors-and-dividing-by-count"
version = "0.1.0"
dependencies = [
 "lesson-float-comparison",
]

[[package]]
name = "l052-09-calc-linear-prediction-by-multiplying-input-and-adding-constant-weight"
version = "0.1.0"

[[package]]
name = "l053-09-penalize-model-complexity-by-adding-large-weight-penalty"
version = "0.1.0"

[[package]]
name = "l054-09-check-weighted-input-plus-constant-weight-on-unused-data"
version = "0.1.0"
dependencies = [
 "l050-09-calc-mean-squared-error-by-summing-squared-errors-and-dividing-by-count",
]

[[package]]
name = "l055-09-practice-fitting-a-line-and-checking-prediction-errors"
version = "0.1.0"
dependencies = [
 "l050-09-calc-mean-squared-error-by-summing-squared-errors-and-dividing-by-count",
]

[[package]]
name = "l056-10-calc-class-probability-as-one-over-one-plus-e-to-neg-score"
version = "0.1.0"

[[package]]
name = "l057-10-calc-classification-loss-as-neg-log-correct-class-probability"
version = "0.1.0"
dependencies = [
 "lesson-float-comparison",
]

[[package]]
name = "l058-10-convert-weighted-input-plus-constant-weight-to-pos-class-probability"
version = "0.1.0"
dependencies = [
 "lesson-float-comparison",
]

[[package]]
name = "l059-10-choose-class-by-comparing-probability-with-threshold"
version = "0.1.0"

[[package]]
name = "l060-10-practice-learning-class-probabilities-and-choosing-threshold"
version = "0.1.0"

[[package]]
name = "l061-11-count-binary-classification-outcomes-from-targets-and-predictions"
version = "0.1.0"

[[package]]
name = "l062-11-count-binary-classification-outcomes-from-targets-and-scores-at-threshold"
version = "0.1.0"
dependencies = [
 "l061-11-count-binary-classification-outcomes-from-targets-and-predictions",
 "lesson-float-comparison",
]

[[package]]
name = "l063-11-calc-prediction-accuracy-as-correct-predictions-divided-by-all-predictions"
version = "0.1.0"
dependencies = [
 "l061-11-count-binary-classification-outcomes-from-targets-and-predictions",
 "lesson-float-comparison",
]

[[package]]
name = "l064-11-calc-pos-prediction-precision-as-true-poss-divided-by-pos-predictions"
version = "0.1.0"
dependencies = [
 "l061-11-count-binary-classification-outcomes-from-targets-and-predictions",
]

[[package]]
name = "l065-11-calc-pos-detection-recall-as-true-poss-divided-by-actual-poss"
version = "0.1.0"
dependencies = [
 "l061-11-count-binary-classification-outcomes-from-targets-and-predictions",
]

[[package]]
name = "l066-11-calc-f1-score-as-twice-precision-times-recall-divided-by-their-sum"
version = "0.1.0"

[[package]]
name = "l067-11-calc-f1-score-from-counts-by-multiplying-precision-and-recall-by-two-then-dividing-by-sum"
version = "0.1.0"
dependencies = [
 "l061-11-count-binary-classification-outcomes-from-targets-and-predictions",
 "l064-11-calc-pos-prediction-precision-as-true-poss-divided-by-pos-predictions",
 "l065-11-calc-pos-detection-recall-as-true-poss-divided-by-actual-poss",
 "l066-11-calc-f1-score-as-twice-precision-times-recall-divided-by-their-sum",
 "lesson-float-comparison",
]

[[package]]
name = "l068-11-calc-ranking-quality-as-share-of-correctly-ordered-pos-neg-pairs"
version = "0.1.0"

[[package]]
name = "l069-11-calc-average-precision-by-summing-precision-times-recall-increases"
version = "0.1.0"

[[package]]
name = "l070-11-practice-checking-predictions-when-one-class-is-rare"
version = "0.1.0"
dependencies = [
 "l061-11-count-binary-classification-outcomes-from-targets-and-predictions",
 "l062-11-count-binary-classification-outcomes-from-targets-and-scores-at-threshold",
 "l063-11-calc-prediction-accuracy-as-correct-predictions-divided-by-all-predictions",
 "l064-11-calc-pos-prediction-precision-as-true-poss-divided-by-pos-predictions",
 "l065-11-calc-pos-detection-recall-as-true-poss-divided-by-actual-poss",
 "l066-11-calc-f1-score-as-twice-precision-times-recall-divided-by-their-sum",
]

[[package]]
name = "l071-12-calc-squared-example-dist-by-summing-squared-feature-diffs"
version = "0.1.0"
dependencies = [
 "l004-01-calc-squared-point-dist-by-summing-squared-coord-diffs",
]

[[package]]
name = "l072-12-put-features-on-comparable-scales-before-measuring-dist"
version = "0.1.0"
dependencies = [
 "l004-01-calc-squared-point-dist-by-summing-squared-coord-diffs",
]

[[package]]
name = "l073-12-choose-how-many-nearby-examples-vote-for-class"
version = "0.1.0"

[[package]]
name = "l074-12-count-coord-comparisons-when-searching-all-training-points"
version = "0.1.0"

[[package]]
name = "l075-12-practice-class-voting-by-nearby-examples-after-feature-scaling"
version = "0.1.0"

[[package]]
name = "l076-13-calc-joint-class-and-feature-score-by-multiplying-probabilities"
version = "0.1.0"
dependencies = [
 "lesson-float-comparison",
]

[[package]]
name = "l077-13-estimate-class-probabilities-as-class-counts-divided-by-training-size"
version = "0.1.0"

[[package]]
name = "l078-13-avoid-zero-word-probabilities-by-adding-one-to-counts"
version = "0.1.0"
dependencies = [
 "lesson-float-comparison",
]

[[package]]
name = "l079-13-practice-choosing-text-class-by-word-probabilities"
version = "0.1.0"

[[package]]
name = "l080-14-calc-class-entropy-as-neg-sum-of-shares-times-logarithms"
version = "0.1.0"
dependencies = [
 "lesson-float-comparison",
]

[[package]]
name = "l081-14-calc-class-mixing-as-one-minus-sum-of-squared-class-shares"
version = "0.1.0"

[[package]]
name = "l082-14-choose-threshold-that-best-separates-classes"
version = "0.1.0"

[[package]]
name = "l083-14-compare-training-and-new-data-errors-as-tree-grows"
version = "0.1.0"

[[package]]
name = "l084-14-practice-threshold-tree-with-class-separation-and-depth-limit"
version = "0.1.0"

[[package]]
name = "l085-15-create-bootstrap-training-samples-by-drawing-examples-with-replacement"
version = "0.1.0"

[[package]]
name = "l086-15-train-several-models-on-different-resampled-data"
version = "0.1.0"

[[package]]
name = "l087-15-choose-class-by-majority-of-model-votes"
version = "0.1.0"

[[package]]
name = "l088-15-measure-average-prediction-offset-and-prediction-spread"
version = "0.1.0"
dependencies = [
 "lesson-float-comparison",
]

[[package]]
name = "l089-15-practice-models-trained-on-resampled-data-and-majority-voting"
version = "0.1.0"

[[package]]
name = "l090-16-fit-next-tree-to-errors-of-current-predictions"
version = "0.1.0"

[[package]]
name = "l091-16-predict-tree-output-by-choosing-leaf-with-shared-threshold-tests"
version = "0.1.0"

[[package]]
name = "l092-16-encode-categories-as-average-previous-targets-with-prior-weight"
version = "0.1.0"

[[package]]
name = "l093-16-correct-errors-using-models-trained-only-on-earlier-rows"
version = "0.1.0"

[[package]]
name = "l094-16-combine-earlier-category-averages-with-shared-level-threshold-trees"
version = "0.1.0"
dependencies = [
 "l091-16-predict-tree-output-by-choosing-leaf-with-shared-threshold-tests",
 "l092-16-encode-categories-as-average-previous-targets-with-prior-weight",
]

[[package]]
name = "l095-17-take-turns-holding-out-each-data-group-for-validation"
version = "0.1.0"

[[package]]
name = "l096-17-keep-class-shares-similar-across-data-groups"
version = "0.1.0"

[[package]]
name = "l097-17-choose-settings-on-inner-data-groups-and-check-on-outer-groups"
version = "0.1.0"

[[package]]
name = "l098-17-fit-feature-preparation-only-on-current-training-group"
version = "0.1.0"

[[package]]
name = "l099-17-practice-nested-data-splits-with-class-balance-and-no-answer-leakage"
version = "0.1.0"

[[package]]
name = "l100-18-calc-group-center-by-averaging-point-coords"
version = "0.1.0"

[[package]]
name = "l101-18-choose-starting-centers-for-grouping-nearby-points"
version = "0.1.0"

[[package]]
name = "l102-18-calc-within-group-spread-as-sum-of-squared-dists-to-centers"
version = "0.1.0"

[[package]]
name = "l103-18-choose-group-count-by-comparing-squared-dist-sums"
version = "0.1.0"

[[package]]
name = "l104-18-practice-assigning-points-to-nearest-centers-and-updating-centers"
version = "0.1.0"

[[package]]
name = "l105-19-center-feature-values-by-subtracting-training-mean"
version = "0.1.0"
dependencies = [
 "l030-06-calc-mean-by-summing-values-and-dividing-by-count",
 "lesson-float-comparison",
]

[[package]]
name = "l106-19-calc-covariance-by-multiplying-paired-diffs-from-mean-then-dividing-sum"
version = "0.1.0"

[[package]]
name = "l107-19-find-principal-direction-by-maximizing-projected-point-spread"
version = "0.1.0"
dependencies = [
 "l001-01-multiply-matching-coords-then-add-results",
]

[[package]]
name = "l108-19-calc-explained-spread-share-by-dividing-direction-spread-by-total"
version = "0.1.0"

[[package]]
name = "l109-19-practice-centering-points-and-projecting-onto-largest-spread-direction"
version = "0.1.0"
dependencies = [
 "lesson-float-comparison",
]

[[package]]
name = "l110-20-calc-forward-result-by-evaluating-intermediate-operations-in-order"
version = "0.1.0"

[[package]]
name = "l111-20-calc-input-influence-by-passing-output-slopes-back-through-operations"
version = "0.1.0"
dependencies = [
 "lesson-float-comparison",
]

[[package]]
name = "l112-20-calc-total-input-influence-by-adding-all-path-contributions"
version = "0.1.0"
dependencies = [
 "lesson-float-comparison",
]

[[package]]
name = "l113-20-practice-forward-values-and-backward-rates-of-change"
version = "0.1.0"
dependencies = [
 "lesson-float-comparison",
]

[[package]]
name = "l114-21-calc-layer-output-by-summing-weighted-inputs-and-adding-constant-weights"
version = "0.1.0"
dependencies = [
 "lesson-float-comparison",
]

[[package]]
name = "l115-21-identify-adjustable-input-and-constant-weights-in-network"
version = "0.1.0"
dependencies = [
 "lesson-float-comparison",
]

[[package]]
name = "l116-21-calc-rectified-activation-by-replacing-neg-outputs-with-zero"
version = "0.1.0"

[[package]]
name = "l117-21-break-neuron-symmetry-by-choosing-different-starting-weights"
version = "0.1.0"

[[package]]
name = "l118-21-update-network-using-average-error-slopes-from-small-example-group"
version = "0.1.0"
dependencies = [
 "lesson-float-comparison",
]

[[package]]
name = "l119-21-practice-training-several-weighted-layers-with-nonlinear-outputs"
version = "0.1.0"

[[package]]
name = "l120-22-calc-output-change-for-each-input-by-reversing-operations"
version = "0.1.0"
dependencies = [
 "lesson-float-comparison",
]

[[package]]
name = "l121-22-check-matrix-dimensions-before-and-after-multiplication"
version = "0.1.0"

[[package]]
name = "l122-22-shift-matrix-rows-by-adding-same-constant-weight-vec-to-each-row"
version = "0.1.0"

[[package]]
name = "l123-22-compare-formula-rates-of-change-with-nearby-value-estimates"
version = "0.1.0"
dependencies = [
 "lesson-float-comparison",
]

[[package]]
name = "l124-22-practice-reversing-operations-and-checking-input-rates-of-change"
version = "0.1.0"
dependencies = [
 "lesson-float-comparison",
]

[[package]]
name = "l125-23-update-linear-weight-after-each-training-example"
version = "0.1.0"

[[package]]
name = "l126-23-calc-momentum-update-by-combining-current-slope-and-past-direction"
version = "0.1.0"

[[package]]
name = "l127-23-calc-adaptive-update-from-running-means-of-slopes-and-squared-slopes"
version = "0.1.0"
dependencies = [
 "lesson-float-comparison",
]

[[package]]
name = "l128-23-center-training-feature-by-subtracting-its-mean-before-model-update"
version = "0.1.0"
dependencies = [
 "l030-06-calc-mean-by-summing-values-and-dividing-by-count",
]

[[package]]
name = "l129-23-prevent-large-updates-by-clamping-error-slopes-to-symmetric-interval"
version = "0.1.0"

[[package]]
name = "l130-23-stop-when-error-on-validation-data-no-longer-improves"
version = "0.1.0"

[[package]]
name = "l131-23-practice-stable-weight-updates-and-stopping-on-validation-error"
version = "0.1.0"

[[package]]
name = "l132-24-calc-image-filter-response-by-summing-weighted-local-pixels"
version = "0.1.0"

[[package]]
name = "l133-24-move-pixel-filter-by-fixed-step-across-image"
version = "0.1.0"

[[package]]
name = "l134-24-preserve-image-border-context-by-surrounding-image-with-zeros"
version = "0.1.0"

[[package]]
name = "l135-24-reduce-image-size-by-taking-local-window-maxima"
version = "0.1.0"

[[package]]
name = "l136-24-reuse-same-pixel-filter-to-find-local-image-patterns"
version = "0.1.0"

[[package]]
name = "l137-24-practice-sliding-image-filter-zero-borders-and-local-maxima"
version = "0.1.0"

[[package]]
name = "l138-25-calc-memory-states-by-applying-tanh-to-weighted-input-plus-weighted-previous-state"
version = "0.1.0"

[[package]]
name = "l139-25-calc-memory-parameter-influence-by-passing-error-changes-back-in-time"
version = "0.1.0"
dependencies = [
 "l138-25-calc-memory-states-by-applying-tanh-to-weighted-input-plus-weighted-previous-state",
 "lesson-float-comparison",
]

[[package]]
name = "l140-25-calc-lstm-memory-and-output-by-mixing-old-memory-with-candidate-then-gating-output"
version = "0.1.0"

[[package]]
name = "l141-25-calc-gru-state-by-mixing-previous-state-with-candidate-using-update-fraction"
version = "0.1.0"

[[package]]
name = "l142-26-calc-causal-filter-output-by-summing-weighted-current-and-spaced-past-values"
version = "0.1.0"

[[package]]
name = "l143-26-expand-filter-history-by-increasing-gaps-between-used-past-values"
version = "0.1.0"
dependencies = [
 "l142-26-calc-causal-filter-output-by-summing-weighted-current-and-spaced-past-values",
]

[[package]]
name = "l144-26-calc-gated-signal-as-tanh-times-sigmoid-share"
version = "0.1.0"

[[package]]
name = "l145-26-calc-input-plus-transform-and-separate-transform-output"
version = "0.1.0"
dependencies = [
 "lesson-float-comparison",
]

[[package]]
name = "l146-26-calc-probability-of-next-sound-sample-from-history"
version = "0.1.0"
dependencies = [
 "l142-26-calc-causal-filter-output-by-summing-weighted-current-and-spaced-past-values",
]

[[package]]
name = "l147-27-encode-unicode-characters-as-utf8-bytes"
version = "0.1.0"

[[package]]
name = "l148-27-train-text-tokenizer-by-repeatedly-merging-most-frequent-adjacent-pair"
version = "0.1.0"

[[package]]
name = "l149-27-encode-and-decode-text-using-learned-pair-merges"
version = "0.1.0"
dependencies = [
 "l148-27-train-text-tokenizer-by-repeatedly-merging-most-frequent-adjacent-pair",
]

[[package]]
name = "l150-27-serialize-chat-message-by-adding-start-role-and-end-markers"
version = "0.1.0"

[[package]]
name = "l151-27-compare-byte-splitting-and-learned-text-pieces-on-new-strings"
version = "0.1.0"
dependencies = [
 "l148-27-train-text-tokenizer-by-repeatedly-merging-most-frequent-adjacent-pair",
]

[[package]]
name = "l152-28-encode-text-pieces-by-assigning-vocabulary-identifiers"
version = "0.1.0"

[[package]]
name = "l153-28-reserve-identifiers-for-unknown-words-and-sequence-boundaries"
version = "0.1.0"

[[package]]
name = "l154-28-create-word-vec-representations-as-numeric-coord-lists"
version = "0.1.0"

[[package]]
name = "l155-28-calc-word-vec-similarity-by-multiplying-matching-coords-then-adding"
version = "0.1.0"
dependencies = [
 "l001-01-multiply-matching-coords-then-add-results",
]

[[package]]
name = "l156-28-practice-text-piece-identifiers-and-word-coord-vecs"
version = "0.1.0"

[[package]]
name = "l157-29-predict-next-text-piece-from-adjacent-pair-counts"
version = "0.1.0"

[[package]]
name = "l158-29-calc-next-token-loss-as-average-neg-log-correct-token-probability"
version = "0.1.0"

[[package]]
name = "l159-29-calc-perplexity-as-e-to-average-neg-log-probability"
version = "0.1.0"
dependencies = [
 "lesson-float-comparison",
]

[[package]]
name = "l160-29-randomly-choose-next-text-piece-according-to-probabilities"
version = "0.1.0"
dependencies = [
 "lesson-float-comparison",
]

[[package]]
name = "l161-29-practice-pair-count-language-model-error-and-text-generation"
version = "0.1.0"

[[package]]
name = "l162-30-find-documents-containing-query-words"
version = "0.1.0"

[[package]]
name = "l163-30-calc-word-importance-by-weighting-frequency-with-document-rarity"
version = "0.1.0"
dependencies = [
 "lesson-float-comparison",
]

[[package]]
name = "l164-30-calc-query-document-cos-of-angle-between-vecs"
version = "0.1.0"
dependencies = [
 "l006-01-multiply-matching-coords-then-add-results-and-normalize-by-both-vec-lens",
]

[[package]]
name = "l165-30-select-documents-with-highest-scores"
version = "0.1.0"

[[package]]
name = "l166-30-practice-document-search-by-word-matches-rarity-and-vec-direction"
version = "0.1.0"

[[package]]
name = "l167-31-transform-position-coords-into-search-query-vec"
version = "0.1.0"

[[package]]
name = "l168-31-compare-query-with-position-key-by-multiplying-coords"
version = "0.1.0"
dependencies = [
 "l001-01-multiply-matching-coords-then-add-results",
]

[[package]]
name = "l169-31-calc-context-by-combining-value-vecs-with-weights"
version = "0.1.0"

[[package]]
name = "l170-31-calc-scaled-match-score-by-multiplying-query-and-key-then-dividing-sum"
version = "0.1.0"
dependencies = [
 "l001-01-multiply-matching-coords-then-add-results",
 "lesson-float-comparison",
]

[[package]]
name = "l171-31-calc-probability-weights-by-exponentiating-scores-and-dividing-by-sum"
version = "0.1.0"
dependencies = [
 "lesson-float-comparison",
]

[[package]]
name = "l172-31-forbid-using-future-text-positions-in-context"
version = "0.1.0"
dependencies = [
 "lesson-float-comparison",
]

[[package]]
name = "l173-31-practice-query-key-matching-and-weighted-sums-of-values"
version = "0.1.0"
dependencies = [
 "l001-01-multiply-matching-coords-then-add-results",
 "lesson-float-comparison",
]

[[package]]
name = "l174-32-build-each-position-context-from-other-positions-in-sequence"
version = "0.1.0"
dependencies = [
 "lesson-float-comparison",
]

[[package]]
name = "l175-32-calc-output-by-adding-original-input-to-transformed-output"
version = "0.1.0"

[[package]]
name = "l176-32-normalize-coords-by-subtracting-mean-and-dividing-by-root-mean-square"
version = "0.1.0"
dependencies = [
 "lesson-float-comparison",
]

[[package]]
name = "l177-32-calc-position-layer-output-by-weighted-coord-transformation"
version = "0.1.0"

[[package]]
name = "l178-32-practice-context-mixing-input-addition-and-coord-transformation"
version = "0.1.0"
dependencies = [
 "l001-01-multiply-matching-coords-then-add-results",
]

[[package]]
name = "l179-33-extract-nonoverlapping-square-patches-from-square-image"
version = "0.1.0"

[[package]]
name = "l180-33-mix-information-between-all-image-blocks-using-weights"
version = "0.1.0"
dependencies = [
 "l179-33-extract-nonoverlapping-square-patches-from-square-image",
 "lesson-float-comparison",
]

[[package]]
name = "l181-33-combine-image-block-information-into-one-summary-vec"
version = "0.1.0"

[[package]]
name = "l182-34-calc-visible-context-by-summing-states-weighted-by-exponentiated-coord-scores"
version = "0.1.0"

[[package]]
name = "l183-34-exclude-padding-positions-from-weighted-context"
version = "0.1.0"
dependencies = [
 "l182-34-calc-visible-context-by-summing-states-weighted-by-exponentiated-coord-scores",
]

[[package]]
name = "l184-34-predict-hidden-text-piece-from-surrounding-context"
version = "0.1.0"
dependencies = [
 "l182-34-calc-visible-context-by-summing-states-weighted-by-exponentiated-coord-scores",
]

[[package]]
name = "l185-35-create-position-aware-text-vecs-by-adding-text-and-position-vecs"
version = "0.1.0"

[[package]]
name = "l186-35-calc-softmax-probability-weights-by-exponentiating-shifted-scores-then-dividing-by-sum"
version = "0.1.0"
dependencies = [
 "lesson-float-comparison",
]

[[package]]
name = "l187-35-calc-past-context-by-summing-current-and-past-values-weighted-by-query-key-matches"
version = "0.1.0"
dependencies = [
 "l186-35-calc-softmax-probability-weights-by-exponentiating-shifted-scores-then-dividing-by-sum",
]

[[package]]
name = "l188-35-combine-contexts-from-several-query-key-comparisons"
version = "0.1.0"
dependencies = [
 "l187-35-calc-past-context-by-summing-current-and-past-values-weighted-by-query-key-matches",
]

[[package]]
name = "l189-35-calc-decoder-block-output-by-adding-past-context-and-transformed-normalized-values"
version = "0.1.0"
dependencies = [
 "l187-35-calc-past-context-by-summing-current-and-past-values-weighted-by-query-key-matches",
]

[[package]]
name = "l190-35-calc-next-token-loss-as-neg-log-of-target-probability-from-exponentiated-scores"
version = "0.1.0"
dependencies = [
 "l186-35-calc-softmax-probability-weights-by-exponentiating-shifted-scores-then-dividing-by-sum",
]

[[package]]
name = "l191-35-calc-text-context-vecs-by-adding-position-and-weighted-past-context"
version = "0.1.0"
dependencies = [
 "l187-35-calc-past-context-by-summing-current-and-past-values-weighted-by-query-key-matches",
 "lesson-float-comparison",
]

[[package]]
name = "l192-35-convert-text-identifiers-to-context-then-to-next-token-scores"
version = "0.1.0"
dependencies = [
 "l191-35-calc-text-context-vecs-by-adding-position-and-weighted-past-context",
]

[[package]]
name = "l193-35-train-output-weights-while-keeping-context-model-fixed"
version = "0.1.0"
dependencies = [
 "l191-35-calc-text-context-vecs-by-adding-position-and-weighted-past-context",
]

[[package]]
name = "l194-36-normalize-vec-scale-by-dividing-coords-by-root-mean-square-then-applying-weights"
version = "0.1.0"
dependencies = [
 "lesson-float-comparison",
]

[[package]]
name = "l195-36-rotate-vec-coord-pair-by-token-position"
version = "0.1.0"
dependencies = [
 "lesson-float-comparison",
]

[[package]]
name = "l196-36-reduce-context-computation-by-sharing-keys-and-values-across-query-groups"
version = "0.1.0"
dependencies = [
 "l186-35-calc-softmax-probability-weights-by-exponentiating-shifted-scores-then-dividing-by-sum",
]

[[package]]
name = "l197-36-scale-query-and-key-vecs-by-their-root-mean-square"
version = "0.1.0"
dependencies = [
 "l194-36-normalize-vec-scale-by-dividing-coords-by-root-mean-square-then-applying-weights",
 "l195-36-rotate-vec-coord-pair-by-token-position",
 "lesson-float-comparison",
]

[[package]]
name = "l198-36-calc-gated-layer-output-as-silu-gate-times-up-value"
version = "0.1.0"
dependencies = [
 "lesson-float-comparison",
]

[[package]]
name = "l199-36-avoid-recomputing-past-context-by-reusing-saved-keys-and-values"
version = "0.1.0"
dependencies = [
 "l186-35-calc-softmax-probability-weights-by-exponentiating-shifted-scores-then-dividing-by-sum",
 "l187-35-calc-past-context-by-summing-current-and-past-values-weighted-by-query-key-matches",
 "lesson-float-comparison",
]

[[package]]
name = "l200-36-calc-selected-branch-output-by-combining-two-chosen-branches"
version = "0.1.0"
dependencies = [
 "l186-35-calc-softmax-probability-weights-by-exponentiating-shifted-scores-then-dividing-by-sum",
]

[[package]]
name = "l201-36-calc-sequence-block-output-by-normalizing-rotating-and-mixing-past-values-and-gated-features"
version = "0.1.0"
dependencies = [
 "l186-35-calc-softmax-probability-weights-by-exponentiating-shifted-scores-then-dividing-by-sum",
 "l194-36-normalize-vec-scale-by-dividing-coords-by-root-mean-square-then-applying-weights",
 "l195-36-rotate-vec-coord-pair-by-token-position",
 "l198-36-calc-gated-layer-output-as-silu-gate-times-up-value",
]

[[package]]
name = "l202-37-adapt-model-weights-by-multiplying-small-matrices-then-adding-result"
version = "0.1.0"

[[package]]
name = "l203-37-compress-model-weights-by-scaling-and-rounding-to-eight-bit-integers"
version = "0.1.0"

[[package]]
name = "l204-38-provide-found-document-fragment-as-answer-context"
version = "0.1.0"

[[package]]
name = "l205-38-limit-found-fragment-count-to-fit-answer-context"
version = "0.1.0"

[[package]]
name = "l206-38-include-source-document-identifier-in-answer"
version = "0.1.0"

[[package]]
name = "l207-38-decline-answer-when-source-match-score-is-too-low"
version = "0.1.0"

[[package]]
name = "l208-38-practice-answers-from-found-documents-with-source-checks"
version = "0.1.0"

[[package]]
name = "l209-39-calc-noisy-signal-by-mixing-signal-and-noise-using-square-roots-of-variance-shares"
version = "0.1.0"

[[package]]
name = "l210-39-train-weighted-input-model-to-predict-added-noise"
version = "0.1.0"
dependencies = [
 "l209-39-calc-noisy-signal-by-mixing-signal-and-noise-using-square-roots-of-variance-shares",
]

[[package]]
name = "l211-39-recover-clean-signal-by-subtracting-scaled-noise-then-dividing-by-signal-scale"
version = "0.1.0"
dependencies = [
 "l209-39-calc-noisy-signal-by-mixing-signal-and-noise-using-square-roots-of-variance-shares",
 "lesson-float-comparison",
]

[[package]]
name = "l212-40-calc-memory-states-by-repeatedly-adding-weighted-input-to-retained-previous-state"
version = "0.1.0"

[[package]]
name = "l213-40-calc-memory-states-by-adding-input-to-retained-state-or-resetting-to-input"
version = "0.1.0"

[[package]]
name = "l214-40-calc-memory-states-by-adding-input-to-retained-state-or-resetting-to-input"
version = "0.1.0"
dependencies = [
 "l212-40-calc-memory-states-by-repeatedly-adding-weighted-input-to-retained-previous-state",
]

[[package]]
name = "l215-41-describe-agent-position-and-available-world-states"
version = "0.1.0"

[[package]]
name = "l216-41-move-agent-left-or-right-within-world-boundaries"
version = "0.1.0"

[[package]]
name = "l217-41-assign-reward-to-agent-state-transition"
version = "0.1.0"

[[package]]
name = "l218-41-choose-action-with-highest-estimated-reward"
version = "0.1.0"

[[package]]
name = "l219-41-balance-exploration-and-known-rewards-by-sometimes-choosing-random-action"
version = "0.1.0"

[[package]]
name = "l220-41-practice-learning-action-values-from-movement-and-rewards"
version = "0.1.0"

[[package]]
name = "l221-42-compare-feature-means-to-detect-changed-data"
version = "0.1.0"
dependencies = [
 "l030-06-calc-mean-by-summing-values-and-dividing-by-count",
]

[[package]]
name = "l222-42-check-probability-calibration-by-comparing-predictions-with-event-frequencies"
version = "0.1.0"
dependencies = [
 "lesson-float-comparison",
]

[[package]]
name = "l223-42-compare-prediction-errors-across-data-subgroups"
version = "0.1.0"

[[package]]
name = "l224-42-explain-what-small-test-samples-cannot-establish"
version = "0.1.0"
dependencies = [
 "lesson-float-comparison",
]

[[package]]
name = "l225-42-practice-checking-data-changes-probabilities-and-subgroup-errors"
version = "0.1.0"

[[package]]
name = "l226-43-save-model-weights-in-defined-file-fields"
version = "0.1.0"

[[package]]
name = "l227-43-read-model-file-version-before-loading-weights"
version = "0.1.0"

[[package]]
name = "l228-43-validate-model-field-count-and-reject-nonfinite-weights"
version = "0.1.0"

[[package]]
name = "l229-43-load-both-supported-old-and-new-model-file-versions"
version = "0.1.0"

[[package]]
name = "l230-43-practice-saving-loading-and-validating-versioned-model-files"
version = "0.1.0"

[[package]]
name = "l231-44-define-csv-input-and-prediction-output-columns"
version = "0.1.0"

[[package]]
name = "l232-44-predict-values-for-several-csv-rows-in-one-run"
version = "0.1.0"

[[package]]
name = "l233-44-report-invalid-input-with-its-row-number"
version = "0.1.0"

[[package]]
name = "l234-44-measure-prediction-time-for-increasing-row-counts"
version = "0.1.0"

[[package]]
name = "l235-44-practice-reading-csv-and-producing-predictions-from-command-line"
version = "0.1.0"

[[package]]
name = "l236-45-detect-feature-distribution-changes-by-comparing-interval-counts"
version = "0.1.0"

[[package]]
name = "l237-45-check-released-model-predictions-against-new-known-answers"
version = "0.1.0"

[[package]]
name = "l238-45-measure-time-from-prediction-request-to-response"
version = "0.1.0"

[[package]]
name = "l239-45-warn-when-data-change-score-exceeds-threshold"
version = "0.1.0"

[[package]]
name = "l240-45-practice-monitoring-data-changes-errors-response-time-and-alerts"
version = "0.1.0"
dependencies = [
 "lesson-float-comparison",
]

[[package]]
name = "l241-46-project-compare-train-and-run-prediction-model"
version = "0.1.0"
dependencies = [
 "l030-06-calc-mean-by-summing-values-and-dividing-by-count",
 "l051-09-calc-mean-absolute-error-by-summing-absolute-errors-and-dividing-by-count",
]

[[package]]
name = "l242-47-project-compare-solution-methods-and-explain-errors"
version = "0.1.0"

[[package]]
name = "lesson-datasets"
version = "0.1.0"
dependencies = [
 "l004-01-calc-squared-point-dist-by-summing-squared-coord-diffs",
 "l030-06-calc-mean-by-summing-values-and-dividing-by-count",
 "l050-09-calc-mean-squared-error-by-summing-squared-errors-and-dividing-by-count",
 "l051-09-calc-mean-absolute-error-by-summing-absolute-errors-and-dividing-by-count",
 "l061-11-count-binary-classification-outcomes-from-targets-and-predictions",
 "l063-11-calc-prediction-accuracy-as-correct-predictions-divided-by-all-predictions",
 "l065-11-calc-pos-detection-recall-as-true-poss-divided-by-actual-poss",
]

[[package]]
name = "lesson-float-comparison"
version = "0.1.0"

[[package]]
name = "lesson-structure"
version = "0.1.0"
dependencies = [
 "syn",
]

[[package]]
name = "proc-macro2"
version = "1.0.107"
source = "registry+https://github.com/rust-lang/crates.io-index"
checksum = "985e7ec9bb745e6ce6535b544d84d6cd6f7ad8bd711c398938ae983b91a766d9"
dependencies = [
 "unicode-ident",
]

[[package]]
name = "quote"
version = "1.0.47"
source = "registry+https://github.com/rust-lang/crates.io-index"
checksum = "1fbf4db142a473a8d80c26bbf18454ed458bf8d26c8219c331daecfdbd079001"
dependencies = [
 "proc-macro2",
]

[[package]]
name = "syn"
version = "2.0.119"
source = "registry+https://github.com/rust-lang/crates.io-index"
checksum = "872831b642d1a07999a962a351ed35b955ea2cfc8f3862091e2a240a84f17297"
dependencies = [
 "proc-macro2",
 "quote",
 "unicode-ident",
]

[[package]]
name = "unicode-ident"
version = "1.0.26"
source = "registry+https://github.com/rust-lang/crates.io-index"
checksum = "d245f478577f809a851594d02313b640fb437e0bb33866753cff937863096954"
