# This file is automatically @generated by Cargo.
# It is not intended for manual editing.
version = 4

[[package]]
name = "autocfg"
version = "1.5.1"
source = "registry+https://github.com/rust-lang/crates.io-index"
checksum = "f2032f911046de80f0a198e0901378627c33f59ea0ac00e363d481118bd70a53"

[[package]]
name = "bumpalo"
version = "3.20.3"
source = "registry+https://github.com/rust-lang/crates.io-index"
checksum = "72f5acc6cb2ba439de613abc23857ec3d78374d8ed5ac84e9d11336e87da8649"

[[package]]
name = "cfg-if"
version = "1.0.5"
source = "registry+https://github.com/rust-lang/crates.io-index"
checksum = "4e7648175b45a9a48536d676f68d918270699102aa8dab5496df06904c914600"

[[package]]
name = "futures-core"
version = "0.3.34"
source = "registry+https://github.com/rust-lang/crates.io-index"
checksum = "92d699e522242e69e3003b94ecc1f960f3a5e015aa7c5d7486e65ad01dd94f5e"

[[package]]
name = "futures-task"
version = "0.3.34"
source = "registry+https://github.com/rust-lang/crates.io-index"
checksum = "cd417de3d1d015fc3bfd2b1ea46dfc7bab72ef86f1cc7cc9c78e728b34a6d1fd"

[[package]]
name = "futures-util"
version = "0.3.34"
source = "registry+https://github.com/rust-lang/crates.io-index"
checksum = "0d50a92467f8ba5dd6e3ee5d4bd04d73ab2e4e1c44474a0674821dfce14b79bc"
dependencies = [
 "futures-core",
 "futures-task",
 "pin-project-lite",
 "slab",
]

[[package]]
name = "js-sys"
version = "0.3.106"
source = "registry+https://github.com/rust-lang/crates.io-index"
checksum = "7883d941dae510fb2d978fc3fe018c71c9e2892fd38854de3e8b92c2e5ad9cc5"
dependencies = [
 "cfg-if",
 "futures-util",
 "wasm-bindgen",
]

[[package]]
name = "lesson-visualization"
version = "0.1.0"
dependencies = [
 "plotters",
]

[[package]]
name = "num-traits"
version = "0.2.19"
source = "registry+https://github.com/rust-lang/crates.io-index"
checksum = "071dfc062690e90b734c0b2273ce72ad0ffa95f0c74596bc250dcfd960262841"
dependencies = [
 "autocfg",
]

[[package]]
name = "once_cell"
version = "1.21.4"
source = "registry+https://github.com/rust-lang/crates.io-index"
checksum = "9f7c3e4beb33f85d45ae3e3a1792185706c8e16d043238c593331cc7cd313b50"

[[package]]
name = "part-001-lesson-01-multiply-coordinates-and-add"
version = "0.1.0"
dependencies = [
 "lesson-visualization",
]

[[package]]
name = "part-002-lesson-01-sum-of-absolute-coordinate-values"
version = "0.1.0"
dependencies = [
 "lesson-visualization",
]

[[package]]
name = "part-003-lesson-01-euclidean-vector-length"
version = "0.1.0"
dependencies = [
 "lesson-visualization",
 "part-001-lesson-01-multiply-coordinates-and-add",
]

[[package]]
name = "part-004-lesson-01-distance"
version = "0.1.0"
dependencies = [
 "lesson-visualization",
 "part-003-lesson-01-euclidean-vector-length",
]

[[package]]
name = "part-005-lesson-01-cosine-similarity"
version = "0.1.0"
dependencies = [
 "lesson-visualization",
 "part-001-lesson-01-multiply-coordinates-and-add",
 "part-003-lesson-01-euclidean-vector-length",
]

[[package]]
name = "part-006-lesson-01-vectors"
version = "0.1.0"
dependencies = [
 "lesson-visualization",
 "part-001-lesson-01-multiply-coordinates-and-add",
 "part-002-lesson-01-sum-of-absolute-coordinate-values",
 "part-003-lesson-01-euclidean-vector-length",
 "part-004-lesson-01-distance",
 "part-005-lesson-01-cosine-similarity",
]

[[package]]
name = "part-007-lesson-02-matrix-shape"
version = "0.1.0"
dependencies = [
 "lesson-visualization",
]

[[package]]
name = "part-008-lesson-02-transpose"
version = "0.1.0"
dependencies = [
 "lesson-visualization",
]

[[package]]
name = "part-009-lesson-02-matrix-vector-multiplication"
version = "0.1.0"
dependencies = [
 "lesson-visualization",
 "part-001-lesson-01-multiply-coordinates-and-add",
]

[[package]]
name = "part-010-lesson-02-matrix-matrix-multiplication"
version = "0.1.0"
dependencies = [
 "lesson-visualization",
 "part-001-lesson-01-multiply-coordinates-and-add",
]

[[package]]
name = "part-011-lesson-02-linear-system"
version = "0.1.0"
dependencies = [
 "lesson-visualization",
]

[[package]]
name = "part-012-lesson-02-matrices"
version = "0.1.0"
dependencies = [
 "lesson-visualization",
 "part-001-lesson-01-multiply-coordinates-and-add",
]

[[package]]
name = "part-013-lesson-03-derivative"
version = "0.1.0"
dependencies = [
 "lesson-visualization",
]

[[package]]
name = "part-014-lesson-03-partial-derivative"
version = "0.1.0"
dependencies = [
 "lesson-visualization",
]

[[package]]
name = "part-015-lesson-03-chain-rule"
version = "0.1.0"
dependencies = [
 "lesson-visualization",
]

[[package]]
name = "part-016-lesson-03-gradient"
version = "0.1.0"
dependencies = [
 "lesson-visualization",
]

[[package]]
name = "part-017-lesson-03-finite-difference"
version = "0.1.0"
dependencies = [
 "lesson-visualization",
]

[[package]]
name = "part-018-lesson-03-calculus"
version = "0.1.0"
dependencies = [
 "lesson-visualization",
]

[[package]]
name = "part-019-lesson-04-learning-rate"
version = "0.1.0"
dependencies = [
 "lesson-visualization",
]

[[package]]
name = "part-020-lesson-04-convergence"
version = "0.1.0"
dependencies = [
 "lesson-visualization",
]

[[package]]
name = "part-021-lesson-04-local-minima"
version = "0.1.0"
dependencies = [
 "lesson-visualization",
]

[[package]]
name = "part-022-lesson-04-batch-stochastic"
version = "0.1.0"
dependencies = [
 "lesson-visualization",
]

[[package]]
name = "part-023-lesson-04-optimization"
version = "0.1.0"
dependencies = [
 "lesson-visualization",
]

[[package]]
name = "part-024-lesson-05-conditional-probability"
version = "0.1.0"
dependencies = [
 "lesson-visualization",
]

[[package]]
name = "part-025-lesson-05-independence"
version = "0.1.0"
dependencies = [
 "lesson-visualization",
]

[[package]]
name = "part-026-lesson-05-bayes"
version = "0.1.0"
dependencies = [
 "lesson-visualization",
]

[[package]]
name = "part-027-lesson-05-expectation"
version = "0.1.0"
dependencies = [
 "lesson-visualization",
]

[[package]]
name = "part-028-lesson-05-probability"
version = "0.1.0"
dependencies = [
 "lesson-visualization",
]

[[package]]
name = "part-029-lesson-06-mean"
version = "0.1.0"
dependencies = [
 "lesson-visualization",
]

[[package]]
name = "part-030-lesson-06-median"
version = "0.1.0"
dependencies = [
 "lesson-visualization",
]

[[package]]
name = "part-031-lesson-06-variance"
version = "0.1.0"
dependencies = [
 "lesson-visualization",
 "part-029-lesson-06-mean",
]

[[package]]
name = "part-032-lesson-06-quantile"
version = "0.1.0"
dependencies = [
 "lesson-visualization",
]

[[package]]
name = "part-033-lesson-06-confidence-interval"
version = "0.1.0"
dependencies = [
 "lesson-visualization",
 "part-029-lesson-06-mean",
 "part-031-lesson-06-variance",
]

[[package]]
name = "part-034-lesson-06-bootstrap"
version = "0.1.0"
dependencies = [
 "lesson-visualization",
]

[[package]]
name = "part-035-lesson-06-statistics"
version = "0.1.0"
dependencies = [
 "lesson-visualization",
 "part-029-lesson-06-mean",
 "part-031-lesson-06-variance",
]

[[package]]
name = "part-036-lesson-07-data-schema"
version = "0.1.0"

[[package]]
name = "part-037-lesson-07-feature-types"
version = "0.1.0"

[[package]]
name = "part-038-lesson-07-data-split"
version = "0.1.0"
dependencies = [
 "lesson-visualization",
]

[[package]]
name = "part-039-lesson-07-train-only-imputation"
version = "0.1.0"

[[package]]
name = "part-040-lesson-07-categorical-encoding"
version = "0.1.0"

[[package]]
name = "part-041-lesson-07-data-leakage"
version = "0.1.0"
dependencies = [
 "lesson-visualization",
]

[[package]]
name = "part-042-lesson-07-data-pipeline"
version = "0.1.0"
dependencies = [
 "lesson-visualization",
]

[[package]]
name = "part-043-lesson-08-seed"
version = "0.1.0"

[[package]]
name = "part-044-lesson-08-baseline"
version = "0.1.0"
dependencies = [
 "lesson-visualization",
]

[[package]]
name = "part-045-lesson-08-configuration"
version = "0.1.0"

[[package]]
name = "part-046-lesson-08-metric-history"
version = "0.1.0"
dependencies = [
 "lesson-visualization",
]

[[package]]
name = "part-047-lesson-08-data-version"
version = "0.1.0"

[[package]]
name = "part-048-lesson-08-experiment"
version = "0.1.0"

[[package]]
name = "part-049-lesson-09-mean-squared-error"
version = "0.1.0"
dependencies = [
 "lesson-visualization",
]

[[package]]
name = "part-050-lesson-09-mean-absolute-error"
version = "0.1.0"
dependencies = [
 "lesson-visualization",
]

[[package]]
name = "part-051-lesson-09-coefficients"
version = "0.1.0"
dependencies = [
 "lesson-visualization",
]

[[package]]
name = "part-052-lesson-09-regularization"
version = "0.1.0"
dependencies = [
 "lesson-visualization",
]

[[package]]
name = "part-053-lesson-09-heldout-quality"
version = "0.1.0"
dependencies = [
 "lesson-visualization",
 "part-049-lesson-09-mean-squared-error",
]

[[package]]
name = "part-054-lesson-09-linear-regression"
version = "0.1.0"
dependencies = [
 "lesson-visualization",
 "part-049-lesson-09-mean-squared-error",
]

[[package]]
name = "part-055-lesson-10-sigmoid"
version = "0.1.0"
dependencies = [
 "lesson-visualization",
]

[[package]]
name = "part-056-lesson-10-logarithmic-loss"
version = "0.1.0"
dependencies = [
 "lesson-visualization",
]

[[package]]
name = "part-057-lesson-10-probability"
version = "0.1.0"
dependencies = [
 "lesson-visualization",
]

[[package]]
name = "part-058-lesson-10-threshold"
version = "0.1.0"
dependencies = [
 "lesson-visualization",
]

[[package]]
name = "part-059-lesson-10-logistic-regression"
version = "0.1.0"
dependencies = [
 "lesson-visualization",
]

[[package]]
name = "part-060-lesson-11-confusion-matrix"
version = "0.1.0"
dependencies = [
 "lesson-visualization",
]

[[package]]
name = "part-061-lesson-11-precision"
version = "0.1.0"
dependencies = [
 "lesson-visualization",
 "part-060-lesson-11-confusion-matrix",
]

[[package]]
name = "part-062-lesson-11-recall"
version = "0.1.0"
dependencies = [
 "lesson-visualization",
 "part-060-lesson-11-confusion-matrix",
]

[[package]]
name = "part-063-lesson-11-harmonic-mean-of-precision-and-recall"
version = "0.1.0"
dependencies = [
 "lesson-visualization",
 "part-060-lesson-11-confusion-matrix",
 "part-061-lesson-11-precision",
 "part-062-lesson-11-recall",
]

[[package]]
name = "part-064-lesson-11-area-under-receiver-operating-characteristic-curve"
version = "0.1.0"
dependencies = [
 "lesson-visualization",
]

[[package]]
name = "part-065-lesson-11-area-under-precision-recall-curve"
version = "0.1.0"
dependencies = [
 "lesson-visualization",
]

[[package]]
name = "part-066-lesson-11-metrics"
version = "0.1.0"
dependencies = [
 "lesson-visualization",
 "part-060-lesson-11-confusion-matrix",
 "part-061-lesson-11-precision",
 "part-062-lesson-11-recall",
 "part-063-lesson-11-harmonic-mean-of-precision-and-recall",
]

[[package]]
name = "part-067-lesson-12-distances"
version = "0.1.0"
dependencies = [
 "lesson-visualization",
 "part-004-lesson-01-distance",
]

[[package]]
name = "part-068-lesson-12-feature-scaling"
version = "0.1.0"
dependencies = [
 "lesson-visualization",
 "part-004-lesson-01-distance",
]

[[package]]
name = "part-069-lesson-12-choose-number-of-neighbors"
version = "0.1.0"
dependencies = [
 "lesson-visualization",
]

[[package]]
name = "part-070-lesson-12-prediction-cost"
version = "0.1.0"
dependencies = [
 "lesson-visualization",
]

[[package]]
name = "part-071-lesson-12-nearest-neighbor-classification"
version = "0.1.0"
dependencies = [
 "lesson-visualization",
]

[[package]]
name = "part-072-lesson-13-conditional-independence"
version = "0.1.0"
dependencies = [
 "lesson-visualization",
]

[[package]]
name = "part-073-lesson-13-priors"
version = "0.1.0"
dependencies = [
 "lesson-visualization",
]

[[package]]
name = "part-074-lesson-13-laplace-smoothing"
version = "0.1.0"
dependencies = [
 "lesson-visualization",
]

[[package]]
name = "part-075-lesson-13-naive-bayes"
version = "0.1.0"
dependencies = [
 "lesson-visualization",
]

[[package]]
name = "part-076-lesson-14-entropy"
version = "0.1.0"
dependencies = [
 "lesson-visualization",
]

[[package]]
name = "part-077-lesson-14-gini"
version = "0.1.0"
dependencies = [
 "lesson-visualization",
]

[[package]]
name = "part-078-lesson-14-greedy-split"
version = "0.1.0"
dependencies = [
 "lesson-visualization",
]

[[package]]
name = "part-079-lesson-14-overfitting"
version = "0.1.0"
dependencies = [
 "lesson-visualization",
]

[[package]]
name = "part-080-lesson-14-decision-tree"
version = "0.1.0"
dependencies = [
 "lesson-visualization",
]

[[package]]
name = "part-081-lesson-15-bootstrap"
version = "0.1.0"
dependencies = [
 "lesson-visualization",
]

[[package]]
name = "part-082-lesson-15-bagging"
version = "0.1.0"
dependencies = [
 "lesson-visualization",
]

[[package]]
name = "part-083-lesson-15-majority-vote"
version = "0.1.0"
dependencies = [
 "lesson-visualization",
]

[[package]]
name = "part-084-lesson-15-bias-variance"
version = "0.1.0"
dependencies = [
 "lesson-visualization",
]

[[package]]
name = "part-085-lesson-15-ensembles"
version = "0.1.0"
dependencies = [
 "lesson-visualization",
]

[[package]]
name = "part-086-lesson-16-residual-boosting"
version = "0.1.0"
dependencies = [
 "lesson-visualization",
]

[[package]]
name = "part-087-lesson-16-oblivious-tree"
version = "0.1.0"

[[package]]
name = "part-088-lesson-16-ordered-category-statistics"
version = "0.1.0"
dependencies = [
 "lesson-visualization",
]

[[package]]
name = "part-089-lesson-16-ordered-boosting"
version = "0.1.0"

[[package]]
name = "part-090-lesson-16-catboost-principles"
version = "0.1.0"
dependencies = [
 "lesson-visualization",
 "part-087-lesson-16-oblivious-tree",
 "part-088-lesson-16-ordered-category-statistics",
]

[[package]]
name = "part-091-lesson-17-multiple-fold-cross-validation"
version = "0.1.0"
dependencies = [
 "lesson-visualization",
]

[[package]]
name = "part-092-lesson-17-stratification"
version = "0.1.0"
dependencies = [
 "lesson-visualization",
]

[[package]]
name = "part-093-lesson-17-nested-evaluation"
version = "0.1.0"
dependencies = [
 "lesson-visualization",
]

[[package]]
name = "part-094-lesson-17-preprocessing-leakage"
version = "0.1.0"
dependencies = [
 "lesson-visualization",
]

[[package]]
name = "part-095-lesson-17-cross-validation"
version = "0.1.0"
dependencies = [
 "lesson-visualization",
]

[[package]]
name = "part-096-lesson-18-centroids"
version = "0.1.0"
dependencies = [
 "lesson-visualization",
]

[[package]]
name = "part-097-lesson-18-initialization"
version = "0.1.0"
dependencies = [
 "lesson-visualization",
]

[[package]]
name = "part-098-lesson-18-inertia"
version = "0.1.0"
dependencies = [
 "lesson-visualization",
]

[[package]]
name = "part-099-lesson-18-choose-number-of-clusters"
version = "0.1.0"
dependencies = [
 "lesson-visualization",
]

[[package]]
name = "part-100-lesson-18-clustering"
version = "0.1.0"
dependencies = [
 "lesson-visualization",
]

[[package]]
name = "part-101-lesson-19-centering"
version = "0.1.0"
dependencies = [
 "lesson-visualization",
 "part-029-lesson-06-mean",
]

[[package]]
name = "part-102-lesson-19-covariance"
version = "0.1.0"
dependencies = [
 "lesson-visualization",
]

[[package]]
name = "part-103-lesson-19-principal-direction"
version = "0.1.0"
dependencies = [
 "lesson-visualization",
 "part-001-lesson-01-multiply-coordinates-and-add",
]

[[package]]
name = "part-104-lesson-19-explained-variance"
version = "0.1.0"
dependencies = [
 "lesson-visualization",
]

[[package]]
name = "part-105-lesson-19-principal-component-analysis"
version = "0.1.0"
dependencies = [
 "lesson-visualization",
]

[[package]]
name = "part-106-lesson-20-forward-pass"
version = "0.1.0"
dependencies = [
 "lesson-visualization",
]

[[package]]
name = "part-107-lesson-20-backpropagation"
version = "0.1.0"
dependencies = [
 "lesson-visualization",
]

[[package]]
name = "part-108-lesson-20-gradient-accumulation"
version = "0.1.0"
dependencies = [
 "lesson-visualization",
]

[[package]]
name = "part-109-lesson-20-computation-graph"
version = "0.1.0"
dependencies = [
 "lesson-visualization",
]

[[package]]
name = "part-110-lesson-21-layers"
version = "0.1.0"
dependencies = [
 "lesson-visualization",
]

[[package]]
name = "part-111-lesson-21-parameters"
version = "0.1.0"
dependencies = [
 "lesson-visualization",
]

[[package]]
name = "part-112-lesson-21-activation"
version = "0.1.0"
dependencies = [
 "lesson-visualization",
]

[[package]]
name = "part-113-lesson-21-initialization"
version = "0.1.0"
dependencies = [
 "lesson-visualization",
]

[[package]]
name = "part-114-lesson-21-mini-batch"
version = "0.1.0"
dependencies = [
 "lesson-visualization",
]

[[package]]
name = "part-115-lesson-21-multilayer-perceptron"
version = "0.1.0"
dependencies = [
 "lesson-visualization",
]

[[package]]
name = "part-116-lesson-22-reverse-mode"
version = "0.1.0"
dependencies = [
 "lesson-visualization",
]

[[package]]
name = "part-117-lesson-22-tensor-shapes"
version = "0.1.0"
dependencies = [
 "lesson-visualization",
]

[[package]]
name = "part-118-lesson-22-broadcasting"
version = "0.1.0"
dependencies = [
 "lesson-visualization",
]

[[package]]
name = "part-119-lesson-22-gradient-check"
version = "0.1.0"
dependencies = [
 "lesson-visualization",
]

[[package]]
name = "part-120-lesson-22-automatic-differentiation"
version = "0.1.0"
dependencies = [
 "lesson-visualization",
]

[[package]]
name = "part-121-lesson-23-stochastic-gradient-descent"
version = "0.1.0"
dependencies = [
 "lesson-visualization",
]

[[package]]
name = "part-122-lesson-23-momentum"
version = "0.1.0"
dependencies = [
 "lesson-visualization",
]

[[package]]
name = "part-123-lesson-23-adaptive-moment-estimation"
version = "0.1.0"
dependencies = [
 "lesson-visualization",
]

[[package]]
name = "part-124-lesson-23-normalization"
version = "0.1.0"
dependencies = [
 "lesson-visualization",
 "part-029-lesson-06-mean",
]

[[package]]
name = "part-125-lesson-23-clipping"
version = "0.1.0"
dependencies = [
 "lesson-visualization",
]

[[package]]
name = "part-126-lesson-23-early-stopping"
version = "0.1.0"
dependencies = [
 "lesson-visualization",
]

[[package]]
name = "part-127-lesson-23-training"
version = "0.1.0"
dependencies = [
 "lesson-visualization",
]

[[package]]
name = "part-128-lesson-24-kernel"
version = "0.1.0"
dependencies = [
 "lesson-visualization",
]

[[package]]
name = "part-129-lesson-24-stride"
version = "0.1.0"
dependencies = [
 "lesson-visualization",
]

[[package]]
name = "part-130-lesson-24-padding"
version = "0.1.0"
dependencies = [
 "lesson-visualization",
]

[[package]]
name = "part-131-lesson-24-pooling"
version = "0.1.0"
dependencies = [
 "lesson-visualization",
]

[[package]]
name = "part-132-lesson-24-local-features"
version = "0.1.0"
dependencies = [
 "lesson-visualization",
]

[[package]]
name = "part-133-lesson-24-convolution"
version = "0.1.0"
dependencies = [
 "lesson-visualization",
]

[[package]]
name = "part-134-lesson-25-recurrent-neural-network-state"
version = "0.1.0"
dependencies = [
 "lesson-visualization",
]

[[package]]
name = "part-135-lesson-25-backpropagation-through-time"
version = "0.1.0"
dependencies = [
 "part-134-lesson-25-recurrent-neural-network-state",
]

[[package]]
name = "part-136-lesson-25-long-short-term-memory-cell"
version = "0.1.0"

[[package]]
name = "part-137-lesson-25-gated-recurrent-unit-cell"
version = "0.1.0"

[[package]]
name = "part-138-lesson-26-causal-convolution"
version = "0.1.0"
dependencies = [
 "lesson-visualization",
]

[[package]]
name = "part-139-lesson-26-dilation-receptive-field"
version = "0.1.0"
dependencies = [
 "lesson-visualization",
 "part-138-lesson-26-causal-convolution",
]

[[package]]
name = "part-140-lesson-26-gated-activation"
version = "0.1.0"
dependencies = [
 "lesson-visualization",
]

[[package]]
name = "part-141-lesson-26-residual-skip"
version = "0.1.0"

[[package]]
name = "part-142-lesson-26-wavenet-mini"
version = "0.1.0"
dependencies = [
 "lesson-visualization",
 "part-138-lesson-26-causal-convolution",
]

[[package]]
name = "part-143-lesson-27-unicode-transformation-format-eight-bit-bytes"
version = "0.1.0"

[[package]]
name = "part-144-lesson-27-byte-pair-encoding-training"
version = "0.1.0"

[[package]]
name = "part-145-lesson-27-byte-pair-encoding-encode-decode"
version = "0.1.0"
dependencies = [
 "part-144-lesson-27-byte-pair-encoding-training",
]

[[package]]
name = "part-146-lesson-27-control-tokens"
version = "0.1.0"

[[package]]
name = "part-147-lesson-27-tokenizer-evaluation"
version = "0.1.0"
dependencies = [
 "lesson-visualization",
 "part-144-lesson-27-byte-pair-encoding-training",
]

[[package]]
name = "part-148-lesson-28-vocabulary"
version = "0.1.0"

[[package]]
name = "part-149-lesson-28-special-tokens"
version = "0.1.0"

[[package]]
name = "part-150-lesson-28-dense-representations"
version = "0.1.0"
dependencies = [
 "lesson-visualization",
]

[[package]]
name = "part-151-lesson-28-embedding-similarity"
version = "0.1.0"
dependencies = [
 "lesson-visualization",
 "part-001-lesson-01-multiply-coordinates-and-add",
]

[[package]]
name = "part-152-lesson-28-embeddings"
version = "0.1.0"
dependencies = [
 "lesson-visualization",
]

[[package]]
name = "part-153-lesson-29-next-token"
version = "0.1.0"
dependencies = [
 "lesson-visualization",
]

[[package]]
name = "part-154-lesson-29-cross-entropy"
version = "0.1.0"
dependencies = [
 "lesson-visualization",
]

[[package]]
name = "part-155-lesson-29-perplexity"
version = "0.1.0"
dependencies = [
 "lesson-visualization",
]

[[package]]
name = "part-156-lesson-29-sampling"
version = "0.1.0"
dependencies = [
 "lesson-visualization",
]

[[package]]
name = "part-157-lesson-29-language-model"
version = "0.1.0"
dependencies = [
 "lesson-visualization",
]

[[package]]
name = "part-158-lesson-30-lexical-search"
version = "0.1.0"
dependencies = [
 "lesson-visualization",
]

[[package]]
name = "part-159-lesson-30-term-frequency-inverse-document-frequency"
version = "0.1.0"
dependencies = [
 "lesson-visualization",
]

[[package]]
name = "part-160-lesson-30-cosine"
version = "0.1.0"
dependencies = [
 "lesson-visualization",
 "part-005-lesson-01-cosine-similarity",
]

[[package]]
name = "part-161-lesson-30-select-highest-ranked-results"
version = "0.1.0"
dependencies = [
 "lesson-visualization",
]

[[package]]
name = "part-162-lesson-30-retrieval"
version = "0.1.0"
dependencies = [
 "lesson-visualization",
]

[[package]]
name = "part-163-lesson-31-query"
version = "0.1.0"
dependencies = [
 "lesson-visualization",
]

[[package]]
name = "part-164-lesson-31-key"
version = "0.1.0"
dependencies = [
 "lesson-visualization",
 "part-001-lesson-01-multiply-coordinates-and-add",
]

[[package]]
name = "part-165-lesson-31-value"
version = "0.1.0"
dependencies = [
 "lesson-visualization",
]

[[package]]
name = "part-166-lesson-31-multiply-coordinates-add-and-scale"
version = "0.1.0"
dependencies = [
 "lesson-visualization",
 "part-001-lesson-01-multiply-coordinates-and-add",
]

[[package]]
name = "part-167-lesson-31-softmax"
version = "0.1.0"
dependencies = [
 "lesson-visualization",
]

[[package]]
name = "part-168-lesson-31-causal-mask"
version = "0.1.0"
dependencies = [
 "lesson-visualization",
]

[[package]]
name = "part-169-lesson-31-attention"
version = "0.1.0"
dependencies = [
 "lesson-visualization",
 "part-001-lesson-01-multiply-coordinates-and-add",
]

[[package]]
name = "part-170-lesson-32-self-attention"
version = "0.1.0"
dependencies = [
 "lesson-visualization",
]

[[package]]
name = "part-171-lesson-32-residual"
version = "0.1.0"
dependencies = [
 "lesson-visualization",
]

[[package]]
name = "part-172-lesson-32-layer-normalization"
version = "0.1.0"
dependencies = [
 "lesson-visualization",
]

[[package]]
name = "part-173-lesson-32-feed-forward"
version = "0.1.0"
dependencies = [
 "lesson-visualization",
]

[[package]]
name = "part-174-lesson-32-transformer-block"
version = "0.1.0"
dependencies = [
 "lesson-visualization",
 "part-001-lesson-01-multiply-coordinates-and-add",
]

[[package]]
name = "part-175-lesson-33-vision-transformer-patches"
version = "0.1.0"
dependencies = [
 "lesson-visualization",
]

[[package]]
name = "part-176-lesson-33-vision-transformer-global-attention"
version = "0.1.0"
dependencies = [
 "lesson-visualization",
 "part-175-lesson-33-vision-transformer-patches",
]

[[package]]
name = "part-177-lesson-33-vision-transformer-class-token"
version = "0.1.0"
dependencies = [
 "lesson-visualization",
]

[[package]]
name = "part-178-lesson-34-bidirectional-encoder"
version = "0.1.0"

[[package]]
name = "part-179-lesson-34-padding-mask"
version = "0.1.0"
dependencies = [
 "part-178-lesson-34-bidirectional-encoder",
]

[[package]]
name = "part-180-lesson-34-masked-language-model"
version = "0.1.0"
dependencies = [
 "part-178-lesson-34-bidirectional-encoder",
]

[[package]]
name = "part-181-lesson-35-token-position-embeddings"
version = "0.1.0"

[[package]]
name = "part-182-lesson-35-causal-self-attention"
version = "0.1.0"
dependencies = [
 "lesson-visualization",
]

[[package]]
name = "part-183-lesson-35-multi-head-attention"
version = "0.1.0"
dependencies = [
 "part-182-lesson-35-causal-self-attention",
]

[[package]]
name = "part-184-lesson-35-decoder-block"
version = "0.1.0"
dependencies = [
 "part-182-lesson-35-causal-self-attention",
]

[[package]]
name = "part-185-lesson-35-next-token-loss"
version = "0.1.0"
dependencies = [
 "lesson-visualization",
 "part-182-lesson-35-causal-self-attention",
]

[[package]]
name = "part-186-lesson-35-tiny-generative-pretrained-transformer-forward"
version = "0.1.0"
dependencies = [
 "part-182-lesson-35-causal-self-attention",
]

[[package]]
name = "part-187-lesson-35-generative-pretrained-transformer-readout-training"
version = "0.1.0"
dependencies = [
 "part-186-lesson-35-tiny-generative-pretrained-transformer-forward",
]

[[package]]
name = "part-188-lesson-36-root-mean-square-normalization"
version = "0.1.0"

[[package]]
name = "part-189-lesson-36-rotary-position-embedding"
version = "0.1.0"
dependencies = [
 "lesson-visualization",
]

[[package]]
name = "part-190-lesson-36-grouped-query-attention"
version = "0.1.0"
dependencies = [
 "part-182-lesson-35-causal-self-attention",
]

[[package]]
name = "part-191-lesson-36-query-key-normalization"
version = "0.1.0"
dependencies = [
 "part-188-lesson-36-root-mean-square-normalization",
 "part-189-lesson-36-rotary-position-embedding",
]

[[package]]
name = "part-192-lesson-36-swish-gated-linear-unit"
version = "0.1.0"

[[package]]
name = "part-193-lesson-36-key-value-cache"
version = "0.1.0"
dependencies = [
 "part-182-lesson-35-causal-self-attention",
]

[[package]]
name = "part-194-lesson-36-mixture-of-experts"
version = "0.1.0"
dependencies = [
 "lesson-visualization",
 "part-182-lesson-35-causal-self-attention",
]

[[package]]
name = "part-195-lesson-36-qwen-inspired-block"
version = "0.1.0"
dependencies = [
 "part-182-lesson-35-causal-self-attention",
 "part-188-lesson-36-root-mean-square-normalization",
 "part-189-lesson-36-rotary-position-embedding",
 "part-192-lesson-36-swish-gated-linear-unit",
]

[[package]]
name = "part-196-lesson-37-low-rank-adaptation"
version = "0.1.0"

[[package]]
name = "part-197-lesson-37-weight-quantization"
version = "0.1.0"

[[package]]
name = "part-198-lesson-38-context"
version = "0.1.0"

[[package]]
name = "part-199-lesson-38-context-length"
version = "0.1.0"
dependencies = [
 "lesson-visualization",
]

[[package]]
name = "part-200-lesson-38-citation"
version = "0.1.0"

[[package]]
name = "part-201-lesson-38-source-check"
version = "0.1.0"
dependencies = [
 "lesson-visualization",
]

[[package]]
name = "part-202-lesson-38-retrieval-augmented-generation"
version = "0.1.0"

[[package]]
name = "part-203-lesson-39-diffusion-forward"
version = "0.1.0"
dependencies = [
 "lesson-visualization",
]

[[package]]
name = "part-204-lesson-39-diffusion-noise-prediction"
version = "0.1.0"
dependencies = [
 "part-203-lesson-39-diffusion-forward",
]

[[package]]
name = "part-205-lesson-39-reverse-denoising"
version = "0.1.0"
dependencies = [
 "part-203-lesson-39-diffusion-forward",
]

[[package]]
name = "part-206-lesson-40-state-space-model"
version = "0.1.0"
dependencies = [
 "lesson-visualization",
]

[[package]]
name = "part-207-lesson-40-selective-state-space"
version = "0.1.0"
dependencies = [
 "lesson-visualization",
]

[[package]]
name = "part-208-lesson-40-selective-versus-fixed-memory"
version = "0.1.0"
dependencies = [
 "lesson-visualization",
 "part-206-lesson-40-state-space-model",
]

[[package]]
name = "part-209-lesson-41-state"
version = "0.1.0"
dependencies = [
 "lesson-visualization",
]

[[package]]
name = "part-210-lesson-41-action"
version = "0.1.0"
dependencies = [
 "lesson-visualization",
]

[[package]]
name = "part-211-lesson-41-reward"
version = "0.1.0"

[[package]]
name = "part-212-lesson-41-policy"
version = "0.1.0"
dependencies = [
 "lesson-visualization",
]

[[package]]
name = "part-213-lesson-41-exploration"
version = "0.1.0"
dependencies = [
 "lesson-visualization",
]

[[package]]
name = "part-214-lesson-41-reinforcement-learning"
version = "0.1.0"
dependencies = [
 "lesson-visualization",
]

[[package]]
name = "part-215-lesson-42-distribution-shift"
version = "0.1.0"
dependencies = [
 "lesson-visualization",
 "part-029-lesson-06-mean",
]

[[package]]
name = "part-216-lesson-42-calibration"
version = "0.1.0"
dependencies = [
 "lesson-visualization",
]

[[package]]
name = "part-217-lesson-42-subgroup-errors"
version = "0.1.0"
dependencies = [
 "lesson-visualization",
]

[[package]]
name = "part-218-lesson-42-model-limits"
version = "0.1.0"

[[package]]
name = "part-219-lesson-42-safety-evaluation"
version = "0.1.0"
dependencies = [
 "lesson-visualization",
]

[[package]]
name = "part-220-lesson-43-weight-format"
version = "0.1.0"
dependencies = [
 "lesson-visualization",
]

[[package]]
name = "part-221-lesson-43-schema-version"
version = "0.1.0"

[[package]]
name = "part-222-lesson-43-input-validation"
version = "0.1.0"

[[package]]
name = "part-223-lesson-43-backward-compatibility"
version = "0.1.0"

[[package]]
name = "part-224-lesson-43-model-serialization"
version = "0.1.0"

[[package]]
name = "part-225-lesson-44-input-output-contract"
version = "0.1.0"

[[package]]
name = "part-226-lesson-44-batch-processing"
version = "0.1.0"

[[package]]
name = "part-227-lesson-44-errors"
version = "0.1.0"

[[package]]
name = "part-228-lesson-44-performance"
version = "0.1.0"
dependencies = [
 "lesson-visualization",
]

[[package]]
name = "part-229-lesson-44-inference-command-line-interface"
version = "0.1.0"

[[package]]
name = "part-230-lesson-45-feature-distribution"
version = "0.1.0"
dependencies = [
 "lesson-visualization",
]

[[package]]
name = "part-231-lesson-45-postrelease-quality"
version = "0.1.0"
dependencies = [
 "lesson-visualization",
]

[[package]]
name = "part-232-lesson-45-latency"
version = "0.1.0"

[[package]]
name = "part-233-lesson-45-alerts"
version = "0.1.0"
dependencies = [
 "lesson-visualization",
]

[[package]]
name = "part-234-lesson-45-monitoring"
version = "0.1.0"
dependencies = [
 "lesson-visualization",
]

[[package]]
name = "part-235-lesson-46-end-to-end"
version = "0.1.0"
dependencies = [
 "lesson-visualization",
 "part-029-lesson-06-mean",
 "part-050-lesson-09-mean-absolute-error",
]

[[package]]
name = "part-236-lesson-47-capstone"
version = "0.1.0"
dependencies = [
 "lesson-visualization",
]

[[package]]
name = "pin-project-lite"
version = "0.2.17"
source = "registry+https://github.com/rust-lang/crates.io-index"
checksum = "a89322df9ebe1c1578d689c92318e070967d1042b512afbe49518723f4e6d5cd"

[[package]]
name = "plotters"
version = "0.3.7"
source = "registry+https://github.com/rust-lang/crates.io-index"
checksum = "5aeb6f403d7a4911efb1e33402027fc44f29b5bf6def3effcc22d7bb75f2b747"
dependencies = [
 "num-traits",
 "plotters-backend",
 "plotters-svg",
 "wasm-bindgen",
 "web-sys",
]

[[package]]
name = "plotters-backend"
version = "0.3.7"
source = "registry+https://github.com/rust-lang/crates.io-index"
checksum = "df42e13c12958a16b3f7f4386b9ab1f3e7933914ecea48da7139435263a4172a"

[[package]]
name = "plotters-svg"
version = "0.3.7"
source = "registry+https://github.com/rust-lang/crates.io-index"
checksum = "51bae2ac328883f7acdfea3d66a7c35751187f870bc81f94563733a154d7a670"
dependencies = [
 "plotters-backend",
]

[[package]]
name = "proc-macro2"
version = "1.0.107"
source = "registry+https://github.com/rust-lang/crates.io-index"
checksum = "985e7ec9bb745e6ce6535b544d84d6cd6f7ad8bd711c398938ae983b91a766d9"
dependencies = [
 "unicode-ident",
]

[[package]]
name = "quote"
version = "1.0.47"
source = "registry+https://github.com/rust-lang/crates.io-index"
checksum = "1fbf4db142a473a8d80c26bbf18454ed458bf8d26c8219c331daecfdbd079001"
dependencies = [
 "proc-macro2",
]

[[package]]
name = "rustversion"
version = "1.0.23"
source = "registry+https://github.com/rust-lang/crates.io-index"
checksum = "cf54715a573b99ac80df0bc206da022bcd442c974952c7b9720069370852e21f"

[[package]]
name = "slab"
version = "0.4.12"
source = "registry+https://github.com/rust-lang/crates.io-index"
checksum = "0c790de23124f9ab44544d7ac05d60440adc586479ce501c1d6d7da3cd8c9cf5"

[[package]]
name = "syn"
version = "3.0.6"
source = "registry+https://github.com/rust-lang/crates.io-index"
checksum = "8593e8e72159ed2257d083c7a454a85cbf854f37a0966d8d483aff8c8a3ebcee"
dependencies = [
 "proc-macro2",
 "quote",
 "unicode-ident",
]

[[package]]
name = "unicode-ident"
version = "1.0.26"
source = "registry+https://github.com/rust-lang/crates.io-index"
checksum = "d245f478577f809a851594d02313b640fb437e0bb33866753cff937863096954"

[[package]]
name = "wasm-bindgen"
version = "0.2.129"
source = "registry+https://github.com/rust-lang/crates.io-index"
checksum = "9bb54f33acc68fd454578d9820b0bde1a1a3d17aa17bb7b6595806d02886d409"
dependencies = [
 "cfg-if",
 "once_cell",
 "rustversion",
 "wasm-bindgen-macro",
 "wasm-bindgen-shared",
]

[[package]]
name = "wasm-bindgen-macro"
version = "0.2.129"
source = "registry+https://github.com/rust-lang/crates.io-index"
checksum = "2e29d0c35b16e224a7eeb5cd2d25e3e1968fbd65604117b44d3b789d00ee8535"
dependencies = [
 "quote",
 "wasm-bindgen-macro-support",
]

[[package]]
name = "wasm-bindgen-macro-support"
version = "0.2.129"
source = "registry+https://github.com/rust-lang/crates.io-index"
checksum = "6f501a8bc3719dba86ef8ae4728879c08001bea749eb1333ac5b91e040e2a6b7"
dependencies = [
 "bumpalo",
 "proc-macro2",
 "quote",
 "syn",
 "wasm-bindgen-shared",
]

[[package]]
name = "wasm-bindgen-shared"
version = "0.2.129"
source = "registry+https://github.com/rust-lang/crates.io-index"
checksum = "23f0c9c52aa7cd7d77769a4cfe2a9adb1b331f489a41d912ce14513d5ab995c6"
dependencies = [
 "unicode-ident",
]

[[package]]
name = "web-sys"
version = "0.3.106"
source = "registry+https://github.com/rust-lang/crates.io-index"
checksum = "88261b9deccee56594c11a3460c462c41f58d148598fe70ad77070126a68aba4"
dependencies = [
 "js-sys",
 "wasm-bindgen",
]
